
Microsoft Visual Studio Solution File, Format Version 12.00
# Visual Studio Version 17
VisualStudioVersion = 17.4.33110.190
MinimumVisualStudioVersion = 10.0.40219.1
Project("{9A19103F-16F7-4668-BE54-9A1E7A4F7556}") = "Dating.Client", "Dating.Client\Dating.Client.csproj", "{61675EA3-CA85-444C-8E39-E00121300C81}"
EndProject
Project("{9A19103F-16F7-4668-BE54-9A1E7A4F7556}") = "Dating.Shared", "Dating.Shared\Dating.Shared.csproj", "{15B56828-37AA-4FCE-8727-F902B649B663}"
EndProject
Global
	GlobalSection(SolutionConfigurationPlatforms) = preSolution
		Debug|Any CPU = Debug|Any CPU
		Release|Any CPU = Release|Any CPU
	EndGlobalSection
	GlobalSection(ProjectConfigurationPlatforms) = postSolution
		{61675EA3-CA85-444C-8E39-E00121300C81}.Debug|Any CPU.ActiveCfg = Debug|Any CPU
		{61675EA3-CA85-444C-8E39-E00121300C81}.Debug|Any CPU.Build.0 = Debug|Any CPU
		{61675EA3-CA85-444C-8E39-E00121300C81}.Release|Any CPU.ActiveCfg = Release|Any CPU
		{61675EA3-CA85-444C-8E39-E00121300C81}.Release|Any CPU.Build.0 = Release|Any CPU
		{15B56828-37AA-4FCE-8727-F902B649B663}.Debug|Any CPU.ActiveCfg = Debug|Any CPU
		{15B56828-37AA-4FCE-8727-F902B649B663}.Debug|Any CPU.Build.0 = Debug|Any CPU
		{15B56828-37AA-4FCE-8727-F902B649B663}.Release|Any CPU.ActiveCfg = Release|Any CPU
		{15B56828-37AA-4FCE-8727-F902B649B663}.Release|Any CPU.Build.0 = Release|Any CPU
	EndGlobalSection
	GlobalSection(SolutionProperties) = preSolution
		HideSolutionNode = FALSE
	EndGlobalSection
	GlobalSection(ExtensibilityGlobals) = postSolution
		SolutionGuid = {28E7A831-1D85-4F0C-9863-EB554B77E845}
	EndGlobalSection
EndGlobal
